
Microsoft Visual Studio Solution File, Format Version 12.00
# Visual Studio Version 17
VisualStudioVersion = 17.0.31903.59
MinimumVisualStudioVersion = 10.0.40219.1
Project("{9A19103F-16F7-4668-BE54-9A1E7A4F7556}") = "FileTranslationService", "FileTranslationService\FileTranslationService.csproj", "{2AC8F601-FCE2-484D-B4EF-6422D38501F7}"
EndProject
Project("{FAE04EC0-301F-11D3-BF4B-00C04F79EFBC}") = "FileTranslationService.Tests", "FileTranslationService.Tests\FileTranslationService.Tests.csproj", "{97C7EF7B-0A4C-4278-8D30-CD13B83E4A19}"
EndProject
Global
	GlobalSection(SolutionConfigurationPlatforms) = preSolution
		Debug|Any CPU = Debug|Any CPU
		Release|Any CPU = Release|Any CPU
	EndGlobalSection
	GlobalSection(ProjectConfigurationPlatforms) = postSolution
		{2AC8F601-FCE2-484D-B4EF-6422D38501F7}.Debug|Any CPU.ActiveCfg = Debug|Any CPU
		{2AC8F601-FCE2-484D-B4EF-6422D38501F7}.Debug|Any CPU.Build.0 = Debug|Any CPU
		{2AC8F601-FCE2-484D-B4EF-6422D38501F7}.Release|Any CPU.ActiveCfg = Release|Any CPU
		{2AC8F601-FCE2-484D-B4EF-6422D38501F7}.Release|Any CPU.Build.0 = Release|Any CPU
		{97C7EF7B-0A4C-4278-8D30-CD13B83E4A19}.Debug|Any CPU.ActiveCfg = Debug|Any CPU
		{97C7EF7B-0A4C-4278-8D30-CD13B83E4A19}.Debug|Any CPU.Build.0 = Debug|Any CPU
		{97C7EF7B-0A4C-4278-8D30-CD13B83E4A19}.Release|Any CPU.ActiveCfg = Release|Any CPU
		{97C7EF7B-0A4C-4278-8D30-CD13B83E4A19}.Release|Any CPU.Build.0 = Release|Any CPU
	EndGlobalSection
	GlobalSection(SolutionProperties) = preSolution
		HideSolutionNode = FALSE
	EndGlobalSection
	GlobalSection(ExtensibilityGlobals) = postSolution
		SolutionGuid = {FB365555-240E-4906-9E99-1C51477EC471}
	EndGlobalSection
EndGlobal
